{
  "name": "extensions",
  "lockfileVersion": 2,
  "requires": true,
  "packages": {
    "": {
      "dependencies": {
        "coc-eslint": "^1.6.0",
        "coc-json": "^1.8.0",
        "coc-prettier": "^9.3.1",
        "coc-tsserver": ">=2.1.0"
      }
    },
    "node_modules/coc-eslint": {
      "version": "1.6.0",
      "resolved": "https://registry.npmjs.org/coc-eslint/-/coc-eslint-1.6.0.tgz",
      "integrity": "sha512-TXqBCPv0w1TKHVSgzbAHPztIhVuKLbCPpWQg5QAG4dJ2R3Gufgfw57NZkRFIbfEG6nKUw+co/9stFY1af/LQuQ==",
      "engines": {
        "coc": "^0.0.80"
      }
    },
    "node_modules/coc-json": {
      "version": "1.8.0",
      "resolved": "https://registry.npmjs.org/coc-json/-/coc-json-1.8.0.tgz",
      "integrity": "sha512-xROp3Sgoa/X4CZWBFteuc+Ug5AV9/xzpCfkgjms0ZVTn7kPgXtrWtl9SXZPI/LJR+SkKSDikcnDJcx2+w5UxkA==",
      "engines": {
        "coc": ">= 0.0.80"
      }
    },
    "node_modules/coc-prettier": {
      "version": "9.3.1",
      "resolved": "https://registry.npmjs.org/coc-prettier/-/coc-prettier-9.3.1.tgz",
      "integrity": "sha512-t/j62Sjq/eBcaN90b4KPNDuZBP3K+TomXj9RLdiJX0zE7RG2byqsxVTnVKAk9c+qE05jv16C5Zv1qv97ZKcA4g==",
      "dependencies": {
        "prettier": "^2.6.2"
      },
      "engines": {
        "coc": ">= 0.0.80"
      }
    },
    "node_modules/coc-tsserver": {
      "version": "2.1.0",
      "resolved": "https://registry.npmjs.org/coc-tsserver/-/coc-tsserver-2.1.0.tgz",
      "integrity": "sha512-gjc0WOlYu42m46+0kN+uBjSUPKq8kf+1aLuhnCTA6bp6cNRoen4Oe2QtTDGE71CHWSVbNYmAw1TYfRZBmHV8sQ==",
      "dependencies": {
        "typescript": "^4.9.3"
      },
      "engines": {
        "coc": "^0.0.82"
      }
    },
    "node_modules/prettier": {
      "version": "2.8.7",
      "resolved": "https://registry.npmjs.org/prettier/-/prettier-2.8.7.tgz",
      "integrity": "sha512-yPngTo3aXUUmyuTjeTUT75txrf+aMh9FiD7q9ZE/i6r0bPb22g4FsE6Y338PQX1bmfy08i9QQCB7/rcUAVntfw==",
      "bin": {
        "prettier": "bin-prettier.js"
      },
      "engines": {
        "node": ">=10.13.0"
      },
      "funding": {
        "url": "https://github.com/prettier/prettier?sponsor=1"
      }
    },
    "node_modules/typescript": {
      "version": "4.9.4",
      "resolved": "https://registry.npmjs.org/typescript/-/typescript-4.9.4.tgz",
      "integrity": "sha512-Uz+dTXYzxXXbsFpM86Wh3dKCxrQqUcVMxwU54orwlJjOpO3ao8L7j5lH+dWfTwgCwIuM9GQ2kvVotzYJMXTBZg==",
      "bin": {
        "tsc": "bin/tsc",
        "tsserver": "bin/tsserver"
      },
      "engines": {
        "node": ">=4.2.0"
      }
    }
  },
  "dependencies": {
    "coc-eslint": {
      "version": "1.6.0",
      "resolved": "https://registry.npmjs.org/coc-eslint/-/coc-eslint-1.6.0.tgz",
      "integrity": "sha512-TXqBCPv0w1TKHVSgzbAHPztIhVuKLbCPpWQg5QAG4dJ2R3Gufgfw57NZkRFIbfEG6nKUw+co/9stFY1af/LQuQ=="
    },
    "coc-json": {
      "version": "1.8.0",
      "resolved": "https://registry.npmjs.org/coc-json/-/coc-json-1.8.0.tgz",
      "integrity": "sha512-xROp3Sgoa/X4CZWBFteuc+Ug5AV9/xzpCfkgjms0ZVTn7kPgXtrWtl9SXZPI/LJR+SkKSDikcnDJcx2+w5UxkA=="
    },
    "coc-prettier": {
      "version": "9.3.1",
      "resolved": "https://registry.npmjs.org/coc-prettier/-/coc-prettier-9.3.1.tgz",
      "integrity": "sha512-t/j62Sjq/eBcaN90b4KPNDuZBP3K+TomXj9RLdiJX0zE7RG2byqsxVTnVKAk9c+qE05jv16C5Zv1qv97ZKcA4g==",
      "requires": {
        "prettier": "^2.6.2"
      }
    },
    "coc-tsserver": {
      "version": "2.1.0",
      "resolved": "https://registry.npmjs.org/coc-tsserver/-/coc-tsserver-2.1.0.tgz",
      "integrity": "sha512-gjc0WOlYu42m46+0kN+uBjSUPKq8kf+1aLuhnCTA6bp6cNRoen4Oe2QtTDGE71CHWSVbNYmAw1TYfRZBmHV8sQ==",
      "requires": {
        "typescript": "^4.9.3"
      }
    },
    "prettier": {
      "version": "2.8.7",
      "resolved": "https://registry.npmjs.org/prettier/-/prettier-2.8.7.tgz",
      "integrity": "sha512-yPngTo3aXUUmyuTjeTUT75txrf+aMh9FiD7q9ZE/i6r0bPb22g4FsE6Y338PQX1bmfy08i9QQCB7/rcUAVntfw=="
    },
    "typescript": {
      "version": "4.9.4",
      "resolved": "https://registry.npmjs.org/typescript/-/typescript-4.9.4.tgz",
      "integrity": "sha512-Uz+dTXYzxXXbsFpM86Wh3dKCxrQqUcVMxwU54orwlJjOpO3ao8L7j5lH+dWfTwgCwIuM9GQ2kvVotzYJMXTBZg=="
    }
  }
}
